
Microsoft Visual Studio Solution File, Format Version 12.00
# Visual Studio Version 16
VisualStudioVersion = 16.0.30413.136
MinimumVisualStudioVersion = 10.0.40219.1
Project("{F2A71F9B-5D33-465A-A702-920D77279786}") = "[FSharp] Class Hierachy", "[FSharp] Class Hierachy\[FSharp] Class Hierachy.fsproj", "{D256EC0A-39E0-4A15-BF24-232D5BE7EBEC}"
EndProject
Global
	GlobalSection(SolutionConfigurationPlatforms) = preSolution
		Debug|Any CPU = Debug|Any CPU
		Release|Any CPU = Release|Any CPU
	EndGlobalSection
	GlobalSection(ProjectConfigurationPlatforms) = postSolution
		{D256EC0A-39E0-4A15-BF24-232D5BE7EBEC}.Debug|Any CPU.ActiveCfg = Debug|Any CPU
		{D256EC0A-39E0-4A15-BF24-232D5BE7EBEC}.Debug|Any CPU.Build.0 = Debug|Any CPU
		{D256EC0A-39E0-4A15-BF24-232D5BE7EBEC}.Release|Any CPU.ActiveCfg = Release|Any CPU
		{D256EC0A-39E0-4A15-BF24-232D5BE7EBEC}.Release|Any CPU.Build.0 = Release|Any CPU
	EndGlobalSection
	GlobalSection(SolutionProperties) = preSolution
		HideSolutionNode = FALSE
	EndGlobalSection
	GlobalSection(ExtensibilityGlobals) = postSolution
		SolutionGuid = {D5EF4ACA-B70A-4E15-9657-CF6DD47728E9}
	EndGlobalSection
EndGlobal
